{
  "name": "test-esModuleInterop",
  "version": "1.0.0",
  "lockfileVersion": 2,
  "requires": true,
  "packages": {
    "": {
      "name": "test-esModuleInterop",
      "version": "1.0.0",
      "license": "ISC",
      "dependencies": {
        "moment": "^2.29.1"
      }
    },
    "node_modules/moment": {
      "version": "2.29.1",
      "license": "MIT",
      "engines": {
        "node": "*"
      }
    }
  },
  "dependencies": {
    "moment": {
      "version": "2.29.1"
    }
  }
}
